
Microsoft Visual Studio Solution File, Format Version 12.00
# Visual Studio 15
VisualStudioVersion = 15.0.26124.0
MinimumVisualStudioVersion = 15.0.26124.0
Project("{9A19103F-16F7-4668-BE54-9A1E7A4F7556}") = "R5T.D0030.Construction", "R5T.D0030.Construction\R5T.D0030.Construction.csproj", "{3B3C93B8-332A-415F-A635-D0630F5A4751}"
EndProject
Project("{9A19103F-16F7-4668-BE54-9A1E7A4F7556}") = "R5T.D0030", "R5T.D0030\R5T.D0030.csproj", "{8253085A-25B5-489B-B128-6803C3FF0DEA}"
EndProject
Project("{9A19103F-16F7-4668-BE54-9A1E7A4F7556}") = "R5T.D0030.Base", "R5T.D0030.Base\R5T.D0030.Base.csproj", "{29EF6FBD-0149-4DC8-88AC-40AB7EB0F3DE}"
EndProject
Project("{9A19103F-16F7-4668-BE54-9A1E7A4F7556}") = "R5T.D0030.Default", "R5T.D0030.Default\R5T.D0030.Default.csproj", "{9123EE96-504A-448B-A792-269D98AF9BA3}"
EndProject
Project("{2150E333-8FDC-42A3-9474-1A3956D46DE8}") = "_Dependencies", "_Dependencies", "{3D2F4124-FD86-475C-9DF5-0F6AB71BACBB}"
EndProject
Project("{9A19103F-16F7-4668-BE54-9A1E7A4F7556}") = "R5T.Dacia.Extensions", "..\..\R5T.Dacia.Extensions\source\R5T.Dacia.Extensions\R5T.Dacia.Extensions.csproj", "{6F322F0D-3B98-49B6-8D1E-D77CFCD637C5}"
EndProject
Project("{9A19103F-16F7-4668-BE54-9A1E7A4F7556}") = "R5T.Dacia", "..\..\R5T.Dacia\source\R5T.Dacia\R5T.Dacia.csproj", "{A3C799F1-6DE7-4A28-8C87-0E8733D1D438}"
EndProject
Project("{9A19103F-16F7-4668-BE54-9A1E7A4F7556}") = "R5T.Lombardy.Base", "..\..\R5T.Lombardy.Base\source\R5T.Lombardy.Base\R5T.Lombardy.Base.csproj", "{6EA10890-AE6B-4617-AEB1-0F2B3CC94B16}"
EndProject
Project("{9A19103F-16F7-4668-BE54-9A1E7A4F7556}") = "R5T.T0064", "..\..\R5T.T0064\source\R5T.T0064\R5T.T0064.csproj", "{BBE4B449-F249-4E1D-94D6-3524420FFB06}"
EndProject
Project("{9A19103F-16F7-4668-BE54-9A1E7A4F7556}") = "R5T.T0002", "..\..\R5T.T0002\source\R5T.T0002\R5T.T0002.csproj", "{102F644F-D971-4197-A82F-6E7DE3348782}"
EndProject
Project("{9A19103F-16F7-4668-BE54-9A1E7A4F7556}") = "R5T.Ostersund", "..\..\R5T.Ostersund\source\R5T.Ostersund\R5T.Ostersund.csproj", "{54F74034-35EE-4AFE-AF64-795FF7239C1E}"
EndProject
Project("{9A19103F-16F7-4668-BE54-9A1E7A4F7556}") = "R5T.T0003", "..\..\R5T.T0003\source\R5T.T0003\R5T.T0003.csproj", "{C2FBB2E7-A98D-4247-9963-D25AFFBD4CA4}"
EndProject
Project("{9A19103F-16F7-4668-BE54-9A1E7A4F7556}") = "R5T.Magyar", "..\..\R5T.Magyar\source\R5T.Magyar\R5T.Magyar.csproj", "{0B0C15F1-757D-4D3E-A9D6-E20D9B3A3868}"
EndProject
Project("{9A19103F-16F7-4668-BE54-9A1E7A4F7556}") = "R5T.T0002.Extensions", "..\..\R5T.T0002\source\R5T.T0002.Extensions\R5T.T0002.Extensions.csproj", "{917624FF-FDC1-421F-A663-576D411CC972}"
EndProject
Project("{9A19103F-16F7-4668-BE54-9A1E7A4F7556}") = "R5T.D0029.Base", "..\..\R5T.D0029\source\R5T.D0029.Base\R5T.D0029.Base.csproj", "{68F9B821-43DD-44CA-99C3-1809D74522CC}"
EndProject
Project("{9A19103F-16F7-4668-BE54-9A1E7A4F7556}") = "R5T.D0013.Base", "..\..\R5T.D0013\source\R5T.D0013.Base\R5T.D0013.Base.csproj", "{5221D18F-B38C-42D7-A6C1-BBE0669E0583}"
EndProject
Global
	GlobalSection(SolutionConfigurationPlatforms) = preSolution
		Debug|Any CPU = Debug|Any CPU
		Debug|x64 = Debug|x64
		Debug|x86 = Debug|x86
		Release|Any CPU = Release|Any CPU
		Release|x64 = Release|x64
		Release|x86 = Release|x86
	EndGlobalSection
	GlobalSection(ProjectConfigurationPlatforms) = postSolution
		{3B3C93B8-332A-415F-A635-D0630F5A4751}.Debug|Any CPU.ActiveCfg = Debug|Any CPU
		{3B3C93B8-332A-415F-A635-D0630F5A4751}.Debug|Any CPU.Build.0 = Debug|Any CPU
		{3B3C93B8-332A-415F-A635-D0630F5A4751}.Debug|x64.ActiveCfg = Debug|Any CPU
		{3B3C93B8-332A-415F-A635-D0630F5A4751}.Debug|x64.Build.0 = Debug|Any CPU
		{3B3C93B8-332A-415F-A635-D0630F5A4751}.Debug|x86.ActiveCfg = Debug|Any CPU
		{3B3C93B8-332A-415F-A635-D0630F5A4751}.Debug|x86.Build.0 = Debug|Any CPU
		{3B3C93B8-332A-415F-A635-D0630F5A4751}.Release|Any CPU.ActiveCfg = Release|Any CPU
		{3B3C93B8-332A-415F-A635-D0630F5A4751}.Release|Any CPU.Build.0 = Release|Any CPU
		{3B3C93B8-332A-415F-A635-D0630F5A4751}.Release|x64.ActiveCfg = Release|Any CPU
		{3B3C93B8-332A-415F-A635-D0630F5A4751}.Release|x64.Build.0 = Release|Any CPU
		{3B3C93B8-332A-415F-A635-D0630F5A4751}.Release|x86.ActiveCfg = Release|Any CPU
		{3B3C93B8-332A-415F-A635-D0630F5A4751}.Release|x86.Build.0 = Release|Any CPU
		{8253085A-25B5-489B-B128-6803C3FF0DEA}.Debug|Any CPU.ActiveCfg = Debug|Any CPU
		{8253085A-25B5-489B-B128-6803C3FF0DEA}.Debug|Any CPU.Build.0 = Debug|Any CPU
		{8253085A-25B5-489B-B128-6803C3FF0DEA}.Debug|x64.ActiveCfg = Debug|Any CPU
		{8253085A-25B5-489B-B128-6803C3FF0DEA}.Debug|x64.Build.0 = Debug|Any CPU
		{8253085A-25B5-489B-B128-6803C3FF0DEA}.Debug|x86.ActiveCfg = Debug|Any CPU
		{8253085A-25B5-489B-B128-6803C3FF0DEA}.Debug|x86.Build.0 = Debug|Any CPU
		{8253085A-25B5-489B-B128-6803C3FF0DEA}.Release|Any CPU.ActiveCfg = Release|Any CPU
		{8253085A-25B5-489B-B128-6803C3FF0DEA}.Release|Any CPU.Build.0 = Release|Any CPU
		{8253085A-25B5-489B-B128-6803C3FF0DEA}.Release|x64.ActiveCfg = Release|Any CPU
		{8253085A-25B5-489B-B128-6803C3FF0DEA}.Release|x64.Build.0 = Release|Any CPU
		{8253085A-25B5-489B-B128-6803C3FF0DEA}.Release|x86.ActiveCfg = Release|Any CPU
		{8253085A-25B5-489B-B128-6803C3FF0DEA}.Release|x86.Build.0 = Release|Any CPU
		{29EF6FBD-0149-4DC8-88AC-40AB7EB0F3DE}.Debug|Any CPU.ActiveCfg = Debug|Any CPU
		{29EF6FBD-0149-4DC8-88AC-40AB7EB0F3DE}.Debug|Any CPU.Build.0 = Debug|Any CPU
		{29EF6FBD-0149-4DC8-88AC-40AB7EB0F3DE}.Debug|x64.ActiveCfg = Debug|Any CPU
		{29EF6FBD-0149-4DC8-88AC-40AB7EB0F3DE}.Debug|x64.Build.0 = Debug|Any CPU
		{29EF6FBD-0149-4DC8-88AC-40AB7EB0F3DE}.Debug|x86.ActiveCfg = Debug|Any CPU
		{29EF6FBD-0149-4DC8-88AC-40AB7EB0F3DE}.Debug|x86.Build.0 = Debug|Any CPU
		{29EF6FBD-0149-4DC8-88AC-40AB7EB0F3DE}.Release|Any CPU.ActiveCfg = Release|Any CPU
		{29EF6FBD-0149-4DC8-88AC-40AB7EB0F3DE}.Release|Any CPU.Build.0 = Release|Any CPU
		{29EF6FBD-0149-4DC8-88AC-40AB7EB0F3DE}.Release|x64.ActiveCfg = Release|Any CPU
		{29EF6FBD-0149-4DC8-88AC-40AB7EB0F3DE}.Release|x64.Build.0 = Release|Any CPU
		{29EF6FBD-0149-4DC8-88AC-40AB7EB0F3DE}.Release|x86.ActiveCfg = Release|Any CPU
		{29EF6FBD-0149-4DC8-88AC-40AB7EB0F3DE}.Release|x86.Build.0 = Release|Any CPU
		{9123EE96-504A-448B-A792-269D98AF9BA3}.Debug|Any CPU.ActiveCfg = Debug|Any CPU
		{9123EE96-504A-448B-A792-269D98AF9BA3}.Debug|Any CPU.Build.0 = Debug|Any CPU
		{9123EE96-504A-448B-A792-269D98AF9BA3}.Debug|x64.ActiveCfg = Debug|Any CPU
		{9123EE96-504A-448B-A792-269D98AF9BA3}.Debug|x64.Build.0 = Debug|Any CPU
		{9123EE96-504A-448B-A792-269D98AF9BA3}.Debug|x86.ActiveCfg = Debug|Any CPU
		{9123EE96-504A-448B-A792-269D98AF9BA3}.Debug|x86.Build.0 = Debug|Any CPU
		{9123EE96-504A-448B-A792-269D98AF9BA3}.Release|Any CPU.ActiveCfg = Release|Any CPU
		{9123EE96-504A-448B-A792-269D98AF9BA3}.Release|Any CPU.Build.0 = Release|Any CPU
		{9123EE96-504A-448B-A792-269D98AF9BA3}.Release|x64.ActiveCfg = Release|Any CPU
		{9123EE96-504A-448B-A792-269D98AF9BA3}.Release|x64.Build.0 = Release|Any CPU
		{9123EE96-504A-448B-A792-269D98AF9BA3}.Release|x86.ActiveCfg = Release|Any CPU
		{9123EE96-504A-448B-A792-269D98AF9BA3}.Release|x86.Build.0 = Release|Any CPU
		{6F322F0D-3B98-49B6-8D1E-D77CFCD637C5}.Debug|Any CPU.ActiveCfg = Debug|Any CPU
		{6F322F0D-3B98-49B6-8D1E-D77CFCD637C5}.Debug|Any CPU.Build.0 = Debug|Any CPU
		{6F322F0D-3B98-49B6-8D1E-D77CFCD637C5}.Debug|x64.ActiveCfg = Debug|Any CPU
		{6F322F0D-3B98-49B6-8D1E-D77CFCD637C5}.Debug|x64.Build.0 = Debug|Any CPU
		{6F322F0D-3B98-49B6-8D1E-D77CFCD637C5}.Debug|x86.ActiveCfg = Debug|Any CPU
		{6F322F0D-3B98-49B6-8D1E-D77CFCD637C5}.Debug|x86.Build.0 = Debug|Any CPU
		{6F322F0D-3B98-49B6-8D1E-D77CFCD637C5}.Release|Any CPU.ActiveCfg = Release|Any CPU
		{6F322F0D-3B98-49B6-8D1E-D77CFCD637C5}.Release|Any CPU.Build.0 = Release|Any CPU
		{6F322F0D-3B98-49B6-8D1E-D77CFCD637C5}.Release|x64.ActiveCfg = Release|Any CPU
		{6F322F0D-3B98-49B6-8D1E-D77CFCD637C5}.Release|x64.Build.0 = Release|Any CPU
		{6F322F0D-3B98-49B6-8D1E-D77CFCD637C5}.Release|x86.ActiveCfg = Release|Any CPU
		{6F322F0D-3B98-49B6-8D1E-D77CFCD637C5}.Release|x86.Build.0 = Release|Any CPU
		{A3C799F1-6DE7-4A28-8C87-0E8733D1D438}.Debug|Any CPU.ActiveCfg = Debug|Any CPU
		{A3C799F1-6DE7-4A28-8C87-0E8733D1D438}.Debug|Any CPU.Build.0 = Debug|Any CPU
		{A3C799F1-6DE7-4A28-8C87-0E8733D1D438}.Debug|x64.ActiveCfg = Debug|Any CPU
		{A3C799F1-6DE7-4A28-8C87-0E8733D1D438}.Debug|x64.Build.0 = Debug|Any CPU
		{A3C799F1-6DE7-4A28-8C87-0E8733D1D438}.Debug|x86.ActiveCfg = Debug|Any CPU
		{A3C799F1-6DE7-4A28-8C87-0E8733D1D438}.Debug|x86.Build.0 = Debug|Any CPU
		{A3C799F1-6DE7-4A28-8C87-0E8733D1D438}.Release|Any CPU.ActiveCfg = Release|Any CPU
		{A3C799F1-6DE7-4A28-8C87-0E8733D1D438}.Release|Any CPU.Build.0 = Release|Any CPU
		{A3C799F1-6DE7-4A28-8C87-0E8733D1D438}.Release|x64.ActiveCfg = Release|Any CPU
		{A3C799F1-6DE7-4A28-8C87-0E8733D1D438}.Release|x64.Build.0 = Release|Any CPU
		{A3C799F1-6DE7-4A28-8C87-0E8733D1D438}.Release|x86.ActiveCfg = Release|Any CPU
		{A3C799F1-6DE7-4A28-8C87-0E8733D1D438}.Release|x86.Build.0 = Release|Any CPU
		{6EA10890-AE6B-4617-AEB1-0F2B3CC94B16}.Debug|Any CPU.ActiveCfg = Debug|Any CPU
		{6EA10890-AE6B-4617-AEB1-0F2B3CC94B16}.Debug|Any CPU.Build.0 = Debug|Any CPU
		{6EA10890-AE6B-4617-AEB1-0F2B3CC94B16}.Debug|x64.ActiveCfg = Debug|Any CPU
		{6EA10890-AE6B-4617-AEB1-0F2B3CC94B16}.Debug|x64.Build.0 = Debug|Any CPU
		{6EA10890-AE6B-4617-AEB1-0F2B3CC94B16}.Debug|x86.ActiveCfg = Debug|Any CPU
		{6EA10890-AE6B-4617-AEB1-0F2B3CC94B16}.Debug|x86.Build.0 = Debug|Any CPU
		{6EA10890-AE6B-4617-AEB1-0F2B3CC94B16}.Release|Any CPU.ActiveCfg = Release|Any CPU
		{6EA10890-AE6B-4617-AEB1-0F2B3CC94B16}.Release|Any CPU.Build.0 = Release|Any CPU
		{6EA10890-AE6B-4617-AEB1-0F2B3CC94B16}.Release|x64.ActiveCfg = Release|Any CPU
		{6EA10890-AE6B-4617-AEB1-0F2B3CC94B16}.Release|x64.Build.0 = Release|Any CPU
		{6EA10890-AE6B-4617-AEB1-0F2B3CC94B16}.Release|x86.ActiveCfg = Release|Any CPU
		{6EA10890-AE6B-4617-AEB1-0F2B3CC94B16}.Release|x86.Build.0 = Release|Any CPU
		{BBE4B449-F249-4E1D-94D6-3524420FFB06}.Debug|Any CPU.ActiveCfg = Debug|Any CPU
		{BBE4B449-F249-4E1D-94D6-3524420FFB06}.Debug|Any CPU.Build.0 = Debug|Any CPU
		{BBE4B449-F249-4E1D-94D6-3524420FFB06}.Debug|x64.ActiveCfg = Debug|Any CPU
		{BBE4B449-F249-4E1D-94D6-3524420FFB06}.Debug|x64.Build.0 = Debug|Any CPU
		{BBE4B449-F249-4E1D-94D6-3524420FFB06}.Debug|x86.ActiveCfg = Debug|Any CPU
		{BBE4B449-F249-4E1D-94D6-3524420FFB06}.Debug|x86.Build.0 = Debug|Any CPU
		{BBE4B449-F249-4E1D-94D6-3524420FFB06}.Release|Any CPU.ActiveCfg = Release|Any CPU
		{BBE4B449-F249-4E1D-94D6-3524420FFB06}.Release|Any CPU.Build.0 = Release|Any CPU
		{BBE4B449-F249-4E1D-94D6-3524420FFB06}.Release|x64.ActiveCfg = Release|Any CPU
		{BBE4B449-F249-4E1D-94D6-3524420FFB06}.Release|x64.Build.0 = Release|Any CPU
		{BBE4B449-F249-4E1D-94D6-3524420FFB06}.Release|x86.ActiveCfg = Release|Any CPU
		{BBE4B449-F249-4E1D-94D6-3524420FFB06}.Release|x86.Build.0 = Release|Any CPU
		{102F644F-D971-4197-A82F-6E7DE3348782}.Debug|Any CPU.ActiveCfg = Debug|Any CPU
		{102F644F-D971-4197-A82F-6E7DE3348782}.Debug|Any CPU.Build.0 = Debug|Any CPU
		{102F644F-D971-4197-A82F-6E7DE3348782}.Debug|x64.ActiveCfg = Debug|Any CPU
		{102F644F-D971-4197-A82F-6E7DE3348782}.Debug|x64.Build.0 = Debug|Any CPU
		{102F644F-D971-4197-A82F-6E7DE3348782}.Debug|x86.ActiveCfg = Debug|Any CPU
		{102F644F-D971-4197-A82F-6E7DE3348782}.Debug|x86.Build.0 = Debug|Any CPU
		{102F644F-D971-4197-A82F-6E7DE3348782}.Release|Any CPU.ActiveCfg = Release|Any CPU
		{102F644F-D971-4197-A82F-6E7DE3348782}.Release|Any CPU.Build.0 = Release|Any CPU
		{102F644F-D971-4197-A82F-6E7DE3348782}.Release|x64.ActiveCfg = Release|Any CPU
		{102F644F-D971-4197-A82F-6E7DE3348782}.Release|x64.Build.0 = Release|Any CPU
		{102F644F-D971-4197-A82F-6E7DE3348782}.Release|x86.ActiveCfg = Release|Any CPU
		{102F644F-D971-4197-A82F-6E7DE3348782}.Release|x86.Build.0 = Release|Any CPU
		{54F74034-35EE-4AFE-AF64-795FF7239C1E}.Debug|Any CPU.ActiveCfg = Debug|Any CPU
		{54F74034-35EE-4AFE-AF64-795FF7239C1E}.Debug|Any CPU.Build.0 = Debug|Any CPU
		{54F74034-35EE-4AFE-AF64-795FF7239C1E}.Debug|x64.ActiveCfg = Debug|Any CPU
		{54F74034-35EE-4AFE-AF64-795FF7239C1E}.Debug|x64.Build.0 = Debug|Any CPU
		{54F74034-35EE-4AFE-AF64-795FF7239C1E}.Debug|x86.ActiveCfg = Debug|Any CPU
		{54F74034-35EE-4AFE-AF64-795FF7239C1E}.Debug|x86.Build.0 = Debug|Any CPU
		{54F74034-35EE-4AFE-AF64-795FF7239C1E}.Release|Any CPU.ActiveCfg = Release|Any CPU
		{54F74034-35EE-4AFE-AF64-795FF7239C1E}.Release|Any CPU.Build.0 = Release|Any CPU
		{54F74034-35EE-4AFE-AF64-795FF7239C1E}.Release|x64.ActiveCfg = Release|Any CPU
		{54F74034-35EE-4AFE-AF64-795FF7239C1E}.Release|x64.Build.0 = Release|Any CPU
		{54F74034-35EE-4AFE-AF64-795FF7239C1E}.Release|x86.ActiveCfg = Release|Any CPU
		{54F74034-35EE-4AFE-AF64-795FF7239C1E}.Release|x86.Build.0 = Release|Any CPU
		{C2FBB2E7-A98D-4247-9963-D25AFFBD4CA4}.Debug|Any CPU.ActiveCfg = Debug|Any CPU
		{C2FBB2E7-A98D-4247-9963-D25AFFBD4CA4}.Debug|Any CPU.Build.0 = Debug|Any CPU
		{C2FBB2E7-A98D-4247-9963-D25AFFBD4CA4}.Debug|x64.ActiveCfg = Debug|Any CPU
		{C2FBB2E7-A98D-4247-9963-D25AFFBD4CA4}.Debug|x64.Build.0 = Debug|Any CPU
		{C2FBB2E7-A98D-4247-9963-D25AFFBD4CA4}.Debug|x86.ActiveCfg = Debug|Any CPU
		{C2FBB2E7-A98D-4247-9963-D25AFFBD4CA4}.Debug|x86.Build.0 = Debug|Any CPU
		{C2FBB2E7-A98D-4247-9963-D25AFFBD4CA4}.Release|Any CPU.ActiveCfg = Release|Any CPU
		{C2FBB2E7-A98D-4247-9963-D25AFFBD4CA4}.Release|Any CPU.Build.0 = Release|Any CPU
		{C2FBB2E7-A98D-4247-9963-D25AFFBD4CA4}.Release|x64.ActiveCfg = Release|Any CPU
		{C2FBB2E7-A98D-4247-9963-D25AFFBD4CA4}.Release|x64.Build.0 = Release|Any CPU
		{C2FBB2E7-A98D-4247-9963-D25AFFBD4CA4}.Release|x86.ActiveCfg = Release|Any CPU
		{C2FBB2E7-A98D-4247-9963-D25AFFBD4CA4}.Release|x86.Build.0 = Release|Any CPU
		{0B0C15F1-757D-4D3E-A9D6-E20D9B3A3868}.Debug|Any CPU.ActiveCfg = Debug|Any CPU
		{0B0C15F1-757D-4D3E-A9D6-E20D9B3A3868}.Debug|Any CPU.Build.0 = Debug|Any CPU
		{0B0C15F1-757D-4D3E-A9D6-E20D9B3A3868}.Debug|x64.ActiveCfg = Debug|Any CPU
		{0B0C15F1-757D-4D3E-A9D6-E20D9B3A3868}.Debug|x64.Build.0 = Debug|Any CPU
		{0B0C15F1-757D-4D3E-A9D6-E20D9B3A3868}.Debug|x86.ActiveCfg = Debug|Any CPU
		{0B0C15F1-757D-4D3E-A9D6-E20D9B3A3868}.Debug|x86.Build.0 = Debug|Any CPU
		{0B0C15F1-757D-4D3E-A9D6-E20D9B3A3868}.Release|Any CPU.ActiveCfg = Release|Any CPU
		{0B0C15F1-757D-4D3E-A9D6-E20D9B3A3868}.Release|Any CPU.Build.0 = Release|Any CPU
		{0B0C15F1-757D-4D3E-A9D6-E20D9B3A3868}.Release|x64.ActiveCfg = Release|Any CPU
		{0B0C15F1-757D-4D3E-A9D6-E20D9B3A3868}.Release|x64.Build.0 = Release|Any CPU
		{0B0C15F1-757D-4D3E-A9D6-E20D9B3A3868}.Release|x86.ActiveCfg = Release|Any CPU
		{0B0C15F1-757D-4D3E-A9D6-E20D9B3A3868}.Release|x86.Build.0 = Release|Any CPU
		{917624FF-FDC1-421F-A663-576D411CC972}.Debug|Any CPU.ActiveCfg = Debug|Any CPU
		{917624FF-FDC1-421F-A663-576D411CC972}.Debug|Any CPU.Build.0 = Debug|Any CPU
		{917624FF-FDC1-421F-A663-576D411CC972}.Debug|x64.ActiveCfg = Debug|Any CPU
		{917624FF-FDC1-421F-A663-576D411CC972}.Debug|x64.Build.0 = Debug|Any CPU
		{917624FF-FDC1-421F-A663-576D411CC972}.Debug|x86.ActiveCfg = Debug|Any CPU
		{917624FF-FDC1-421F-A663-576D411CC972}.Debug|x86.Build.0 = Debug|Any CPU
		{917624FF-FDC1-421F-A663-576D411CC972}.Release|Any CPU.ActiveCfg = Release|Any CPU
		{917624FF-FDC1-421F-A663-576D411CC972}.Release|Any CPU.Build.0 = Release|Any CPU
		{917624FF-FDC1-421F-A663-576D411CC972}.Release|x64.ActiveCfg = Release|Any CPU
		{917624FF-FDC1-421F-A663-576D411CC972}.Release|x64.Build.0 = Release|Any CPU
		{917624FF-FDC1-421F-A663-576D411CC972}.Release|x86.ActiveCfg = Release|Any CPU
		{917624FF-FDC1-421F-A663-576D411CC972}.Release|x86.Build.0 = Release|Any CPU
		{68F9B821-43DD-44CA-99C3-1809D74522CC}.Debug|Any CPU.ActiveCfg = Debug|Any CPU
		{68F9B821-43DD-44CA-99C3-1809D74522CC}.Debug|Any CPU.Build.0 = Debug|Any CPU
		{68F9B821-43DD-44CA-99C3-1809D74522CC}.Debug|x64.ActiveCfg = Debug|Any CPU
		{68F9B821-43DD-44CA-99C3-1809D74522CC}.Debug|x64.Build.0 = Debug|Any CPU
		{68F9B821-43DD-44CA-99C3-1809D74522CC}.Debug|x86.ActiveCfg = Debug|Any CPU
		{68F9B821-43DD-44CA-99C3-1809D74522CC}.Debug|x86.Build.0 = Debug|Any CPU
		{68F9B821-43DD-44CA-99C3-1809D74522CC}.Release|Any CPU.ActiveCfg = Release|Any CPU
		{68F9B821-43DD-44CA-99C3-1809D74522CC}.Release|Any CPU.Build.0 = Release|Any CPU
		{68F9B821-43DD-44CA-99C3-1809D74522CC}.Release|x64.ActiveCfg = Release|Any CPU
		{68F9B821-43DD-44CA-99C3-1809D74522CC}.Release|x64.Build.0 = Release|Any CPU
		{68F9B821-43DD-44CA-99C3-1809D74522CC}.Release|x86.ActiveCfg = Release|Any CPU
		{68F9B821-43DD-44CA-99C3-1809D74522CC}.Release|x86.Build.0 = Release|Any CPU
		{5221D18F-B38C-42D7-A6C1-BBE0669E0583}.Debug|Any CPU.ActiveCfg = Debug|Any CPU
		{5221D18F-B38C-42D7-A6C1-BBE0669E0583}.Debug|Any CPU.Build.0 = Debug|Any CPU
		{5221D18F-B38C-42D7-A6C1-BBE0669E0583}.Debug|x64.ActiveCfg = Debug|Any CPU
		{5221D18F-B38C-42D7-A6C1-BBE0669E0583}.Debug|x64.Build.0 = Debug|Any CPU
		{5221D18F-B38C-42D7-A6C1-BBE0669E0583}.Debug|x86.ActiveCfg = Debug|Any CPU
		{5221D18F-B38C-42D7-A6C1-BBE0669E0583}.Debug|x86.Build.0 = Debug|Any CPU
		{5221D18F-B38C-42D7-A6C1-BBE0669E0583}.Release|Any CPU.ActiveCfg = Release|Any CPU
		{5221D18F-B38C-42D7-A6C1-BBE0669E0583}.Release|Any CPU.Build.0 = Release|Any CPU
		{5221D18F-B38C-42D7-A6C1-BBE0669E0583}.Release|x64.ActiveCfg = Release|Any CPU
		{5221D18F-B38C-42D7-A6C1-BBE0669E0583}.Release|x64.Build.0 = Release|Any CPU
		{5221D18F-B38C-42D7-A6C1-BBE0669E0583}.Release|x86.ActiveCfg = Release|Any CPU
		{5221D18F-B38C-42D7-A6C1-BBE0669E0583}.Release|x86.Build.0 = Release|Any CPU
	EndGlobalSection
	GlobalSection(SolutionProperties) = preSolution
		HideSolutionNode = FALSE
	EndGlobalSection
	GlobalSection(NestedProjects) = preSolution
		{6F322F0D-3B98-49B6-8D1E-D77CFCD637C5} = {3D2F4124-FD86-475C-9DF5-0F6AB71BACBB}
		{A3C799F1-6DE7-4A28-8C87-0E8733D1D438} = {3D2F4124-FD86-475C-9DF5-0F6AB71BACBB}
		{6EA10890-AE6B-4617-AEB1-0F2B3CC94B16} = {3D2F4124-FD86-475C-9DF5-0F6AB71BACBB}
		{BBE4B449-F249-4E1D-94D6-3524420FFB06} = {3D2F4124-FD86-475C-9DF5-0F6AB71BACBB}
		{102F644F-D971-4197-A82F-6E7DE3348782} = {3D2F4124-FD86-475C-9DF5-0F6AB71BACBB}
		{54F74034-35EE-4AFE-AF64-795FF7239C1E} = {3D2F4124-FD86-475C-9DF5-0F6AB71BACBB}
		{C2FBB2E7-A98D-4247-9963-D25AFFBD4CA4} = {3D2F4124-FD86-475C-9DF5-0F6AB71BACBB}
		{0B0C15F1-757D-4D3E-A9D6-E20D9B3A3868} = {3D2F4124-FD86-475C-9DF5-0F6AB71BACBB}
		{917624FF-FDC1-421F-A663-576D411CC972} = {3D2F4124-FD86-475C-9DF5-0F6AB71BACBB}
		{68F9B821-43DD-44CA-99C3-1809D74522CC} = {3D2F4124-FD86-475C-9DF5-0F6AB71BACBB}
		{5221D18F-B38C-42D7-A6C1-BBE0669E0583} = {3D2F4124-FD86-475C-9DF5-0F6AB71BACBB}
	EndGlobalSection
	GlobalSection(ExtensibilityGlobals) = postSolution
		SolutionGuid = {47375F94-FAD8-4E70-BB19-EDF59D6E7ACE}
	EndGlobalSection
EndGlobal
